// !$*UTF8*$!
{
	archiveVersion = 1;
	classes = {
	};
	objectVersion = 56;
	objects = {

/* Begin PBXBuildFile section */
		08161D712A96EE6100D0DDE7 /* TaskTableViewModel.swift in Sources */ = {isa = PBXBuildFile; fileRef = 08161D702A96EE6100D0DDE7 /* TaskTableViewModel.swift */; };
		08994E242A94F53800964768 /* AppDelegate.swift in Sources */ = {isa = PBXBuildFile; fileRef = 08994E232A94F53800964768 /* AppDelegate.swift */; };
		08994E262A94F53800964768 /* SceneDelegate.swift in Sources */ = {isa = PBXBuildFile; fileRef = 08994E252A94F53800964768 /* SceneDelegate.swift */; };
		08994E282A94F53800964768 /* TaskTableView.swift in Sources */ = {isa = PBXBuildFile; fileRef = 08994E272A94F53800964768 /* TaskTableView.swift */; };
		08994E2D2A94F53A00964768 /* Assets.xcassets in Resources */ = {isa = PBXBuildFile; fileRef = 08994E2C2A94F53A00964768 /* Assets.xcassets */; };
		08994E3C2A94F61300964768 /* DataSource.swift in Sources */ = {isa = PBXBuildFile; fileRef = 08994E3B2A94F61300964768 /* DataSource.swift */; };
		08994E402A94F63E00964768 /* DailyView.swift in Sources */ = {isa = PBXBuildFile; fileRef = 08994E3F2A94F63E00964768 /* DailyView.swift */; };
		08994E452A94F68200964768 /* MonthlyVIew.swift in Sources */ = {isa = PBXBuildFile; fileRef = 08994E442A94F68200964768 /* MonthlyVIew.swift */; };
		08994E472A94F68B00964768 /* WeeklyView.swift in Sources */ = {isa = PBXBuildFile; fileRef = 08994E462A94F68B00964768 /* WeeklyView.swift */; };
		08994E522A958D8800964768 /* MainTabBar.swift in Sources */ = {isa = PBXBuildFile; fileRef = 08994E512A958D8800964768 /* MainTabBar.swift */; };
		08994E542A958E7400964768 /* CRUDmodel.swift in Sources */ = {isa = PBXBuildFile; fileRef = 08994E532A958E7400964768 /* CRUDmodel.swift */; };
		08994E562A959D4E00964768 /* FloatingButtonModel.swift in Sources */ = {isa = PBXBuildFile; fileRef = 08994E552A959D4E00964768 /* FloatingButtonModel.swift */; };
		08994E5B2A95BCDD00964768 /* FloatingButton.swift in Sources */ = {isa = PBXBuildFile; fileRef = 08994E5A2A95BCDD00964768 /* FloatingButton.swift */; };
		08994E5D2A95BE0400964768 /* AddTaskActionSheet.swift in Sources */ = {isa = PBXBuildFile; fileRef = 08994E5C2A95BE0400964768 /* AddTaskActionSheet.swift */; };
		6B8B274ED387C510122F10F0 /* Pods_MWDPlanner.framework in Frameworks */ = {isa = PBXBuildFile; fileRef = 2203EF771AAA03FB8D76F582 /* Pods_MWDPlanner.framework */; };
/* End PBXBuildFile section */

/* Begin PBXFileReference section */
		08161D702A96EE6100D0DDE7 /* TaskTableViewModel.swift */ = {isa = PBXFileReference; lastKnownFileType = sourcecode.swift; path = TaskTableViewModel.swift; sourceTree = "<group>"; };
		08994E202A94F53800964768 /* MWDPlanner.app */ = {isa = PBXFileReference; explicitFileType = wrapper.application; includeInIndex = 0; path = MWDPlanner.app; sourceTree = BUILT_PRODUCTS_DIR; };
		08994E232A94F53800964768 /* AppDelegate.swift */ = {isa = PBXFileReference; lastKnownFileType = sourcecode.swift; path = AppDelegate.swift; sourceTree = "<group>"; };
		08994E252A94F53800964768 /* SceneDelegate.swift */ = {isa = PBXFileReference; lastKnownFileType = sourcecode.swift; path = SceneDelegate.swift; sourceTree = "<group>"; };
		08994E272A94F53800964768 /* TaskTableView.swift */ = {isa = PBXFileReference; lastKnownFileType = sourcecode.swift; path = TaskTableView.swift; sourceTree = "<group>"; };
		08994E2C2A94F53A00964768 /* Assets.xcassets */ = {isa = PBXFileReference; lastKnownFileType = folder.assetcatalog; path = Assets.xcassets; sourceTree = "<group>"; };
		08994E312A94F53A00964768 /* Info.plist */ = {isa = PBXFileReference; lastKnownFileType = text.plist.xml; path = Info.plist; sourceTree = "<group>"; };
		08994E3B2A94F61300964768 /* DataSource.swift */ = {isa = PBXFileReference; lastKnownFileType = sourcecode.swift; path = DataSource.swift; sourceTree = "<group>"; };
		08994E3F2A94F63E00964768 /* DailyView.swift */ = {isa = PBXFileReference; lastKnownFileType = sourcecode.swift; path = DailyView.swift; sourceTree = "<group>"; };
		08994E442A94F68200964768 /* MonthlyVIew.swift */ = {isa = PBXFileReference; lastKnownFileType = sourcecode.swift; path = MonthlyVIew.swift; sourceTree = "<group>"; };
		08994E462A94F68B00964768 /* WeeklyView.swift */ = {isa = PBXFileReference; lastKnownFileType = sourcecode.swift; path = WeeklyView.swift; sourceTree = "<group>"; };
		08994E512A958D8800964768 /* MainTabBar.swift */ = {isa = PBXFileReference; lastKnownFileType = sourcecode.swift; path = MainTabBar.swift; sourceTree = "<group>"; };
		08994E532A958E7400964768 /* CRUDmodel.swift */ = {isa = PBXFileReference; lastKnownFileType = sourcecode.swift; path = CRUDmodel.swift; sourceTree = "<group>"; };
		08994E552A959D4E00964768 /* FloatingButtonModel.swift */ = {isa = PBXFileReference; lastKnownFileType = sourcecode.swift; path = FloatingButtonModel.swift; sourceTree = "<group>"; };
		08994E5A2A95BCDD00964768 /* FloatingButton.swift */ = {isa = PBXFileReference; lastKnownFileType = sourcecode.swift; path = FloatingButton.swift; sourceTree = "<group>"; };
		08994E5C2A95BE0400964768 /* AddTaskActionSheet.swift */ = {isa = PBXFileReference; lastKnownFileType = sourcecode.swift; name = AddTaskActionSheet.swift; path = MWDPlanner/SharedComponents/AddTaskActionSheet.swift; sourceTree = SOURCE_ROOT; };
		2203EF771AAA03FB8D76F582 /* Pods_MWDPlanner.framework */ = {isa = PBXFileReference; explicitFileType = wrapper.framework; includeInIndex = 0; path = Pods_MWDPlanner.framework; sourceTree = BUILT_PRODUCTS_DIR; };
		846BDD29F6EA04F10C92D9B4 /* Pods-MWDPlanner.release.xcconfig */ = {isa = PBXFileReference; includeInIndex = 1; lastKnownFileType = text.xcconfig; name = "Pods-MWDPlanner.release.xcconfig"; path = "Target Support Files/Pods-MWDPlanner/Pods-MWDPlanner.release.xcconfig"; sourceTree = "<group>"; };
		B5DC3EB29FABBBFDB64DE6DB /* Pods-MWDPlanner.debug.xcconfig */ = {isa = PBXFileReference; includeInIndex = 1; lastKnownFileType = text.xcconfig; name = "Pods-MWDPlanner.debug.xcconfig"; path = "Target Support Files/Pods-MWDPlanner/Pods-MWDPlanner.debug.xcconfig"; sourceTree = "<group>"; };
/* End PBXFileReference section */

/* Begin PBXFrameworksBuildPhase section */
		08994E1D2A94F53800964768 /* Frameworks */ = {
			isa = PBXFrameworksBuildPhase;
			buildActionMask = 2147483647;
			files = (
				6B8B274ED387C510122F10F0 /* Pods_MWDPlanner.framework in Frameworks */,
			);
			runOnlyForDeploymentPostprocessing = 0;
		};
/* End PBXFrameworksBuildPhase section */

/* Begin PBXGroup section */
		08994E172A94F53800964768 = {
			isa = PBXGroup;
			children = (
				08994E222A94F53800964768 /* MWDPlanner */,
				08994E212A94F53800964768 /* Products */,
				9738472DEE158DA3F26B29C2 /* Pods */,
				DB0D07CD3B8CDA5793B8A992 /* Frameworks */,
			);
			sourceTree = "<group>";
		};
		08994E212A94F53800964768 /* Products */ = {
			isa = PBXGroup;
			children = (
				08994E202A94F53800964768 /* MWDPlanner.app */,
			);
			name = Products;
			sourceTree = "<group>";
		};
		08994E222A94F53800964768 /* MWDPlanner */ = {
			isa = PBXGroup;
			children = (
				08994E412A94F65900964768 /* View */,
				08994E482A95793800964768 /* SharedComponents */,
				08994E502A95798900964768 /* Model */,
				08994E592A95ADD200964768 /* CRUD */,
				08994E422A94F66200964768 /* Data */,
				08994E252A94F53800964768 /* SceneDelegate.swift */,
				08994E232A94F53800964768 /* AppDelegate.swift */,
				08994E2C2A94F53A00964768 /* Assets.xcassets */,
				08994E312A94F53A00964768 /* Info.plist */,
			);
			path = MWDPlanner;
			sourceTree = "<group>";
		};
		08994E412A94F65900964768 /* View */ = {
			isa = PBXGroup;
			children = (
				08994E512A958D8800964768 /* MainTabBar.swift */,
				08994E442A94F68200964768 /* MonthlyVIew.swift */,
				08994E462A94F68B00964768 /* WeeklyView.swift */,
				08994E3F2A94F63E00964768 /* DailyView.swift */,
			);
			path = View;
			sourceTree = "<group>";
		};
		08994E422A94F66200964768 /* Data */ = {
			isa = PBXGroup;
			children = (
				08994E3B2A94F61300964768 /* DataSource.swift */,
			);
			path = Data;
			sourceTree = "<group>";
		};
		08994E482A95793800964768 /* SharedComponents */ = {
			isa = PBXGroup;
			children = (
				08994E272A94F53800964768 /* TaskTableView.swift */,
				08994E5A2A95BCDD00964768 /* FloatingButton.swift */,
				08994E5C2A95BE0400964768 /* AddTaskActionSheet.swift */,
			);
			path = SharedComponents;
			sourceTree = "<group>";
		};
		08994E502A95798900964768 /* Model */ = {
			isa = PBXGroup;
			children = (
				08994E5E2A95EEA800964768 /* SharedModel */,
			);
			path = Model;
			sourceTree = "<group>";
		};
		08994E592A95ADD200964768 /* CRUD */ = {
			isa = PBXGroup;
			children = (
				08994E532A958E7400964768 /* CRUDmodel.swift */,
			);
			path = CRUD;
			sourceTree = "<group>";
		};
		08994E5E2A95EEA800964768 /* SharedModel */ = {
			isa = PBXGroup;
			children = (
				08994E552A959D4E00964768 /* FloatingButtonModel.swift */,
				08161D702A96EE6100D0DDE7 /* TaskTableViewModel.swift */,
			);
			path = SharedModel;
			sourceTree = "<group>";
		};
		9738472DEE158DA3F26B29C2 /* Pods */ = {
			isa = PBXGroup;
			children = (
				B5DC3EB29FABBBFDB64DE6DB /* Pods-MWDPlanner.debug.xcconfig */,
				846BDD29F6EA04F10C92D9B4 /* Pods-MWDPlanner.release.xcconfig */,
			);
			path = Pods;
			sourceTree = "<group>";
		};
		DB0D07CD3B8CDA5793B8A992 /* Frameworks */ = {
			isa = PBXGroup;
			children = (
				2203EF771AAA03FB8D76F582 /* Pods_MWDPlanner.framework */,
			);
			name = Frameworks;
			sourceTree = "<group>";
		};
/* End PBXGroup section */

/* Begin PBXNativeTarget section */
		08994E1F2A94F53800964768 /* MWDPlanner */ = {
			isa = PBXNativeTarget;
			buildConfigurationList = 08994E342A94F53A00964768 /* Build configuration list for PBXNativeTarget "MWDPlanner" */;
			buildPhases = (
				F81E329A5755A9732223E44E /* [CP] Check Pods Manifest.lock */,
				08994E1C2A94F53800964768 /* Sources */,
				08994E1D2A94F53800964768 /* Frameworks */,
				08994E1E2A94F53800964768 /* Resources */,
				C14C21A4C442694984BF099A /* [CP] Embed Pods Frameworks */,
			);
			buildRules = (
			);
			dependencies = (
			);
			name = MWDPlanner;
			productName = MWDPlanner;
			productReference = 08994E202A94F53800964768 /* MWDPlanner.app */;
			productType = "com.apple.product-type.application";
		};
/* End PBXNativeTarget section */

/* Begin PBXProject section */
		08994E182A94F53800964768 /* Project object */ = {
			isa = PBXProject;
			attributes = {
				BuildIndependentTargetsInParallel = 1;
				LastSwiftUpdateCheck = 1430;
				LastUpgradeCheck = 1430;
				TargetAttributes = {
					08994E1F2A94F53800964768 = {
						CreatedOnToolsVersion = 14.3.1;
					};
				};
			};
			buildConfigurationList = 08994E1B2A94F53800964768 /* Build configuration list for PBXProject "MWDPlanner" */;
			compatibilityVersion = "Xcode 14.0";
			developmentRegion = en;
			hasScannedForEncodings = 0;
			knownRegions = (
				en,
				Base,
			);
			mainGroup = 08994E172A94F53800964768;
			productRefGroup = 08994E212A94F53800964768 /* Products */;
			projectDirPath = "";
			projectRoot = "";
			targets = (
				08994E1F2A94F53800964768 /* MWDPlanner */,
			);
		};
/* End PBXProject section */

/* Begin PBXResourcesBuildPhase section */
		08994E1E2A94F53800964768 /* Resources */ = {
			isa = PBXResourcesBuildPhase;
			buildActionMask = 2147483647;
			files = (
				08994E2D2A94F53A00964768 /* Assets.xcassets in Resources */,
			);
			runOnlyForDeploymentPostprocessing = 0;
		};
/* End PBXResourcesBuildPhase section */

/* Begin PBXShellScriptBuildPhase section */
		C14C21A4C442694984BF099A /* [CP] Embed Pods Frameworks */ = {
			isa = PBXShellScriptBuildPhase;
			buildActionMask = 2147483647;
			files = (
			);
			inputFileListPaths = (
				"${PODS_ROOT}/Target Support Files/Pods-MWDPlanner/Pods-MWDPlanner-frameworks-${CONFIGURATION}-input-files.xcfilelist",
			);
			name = "[CP] Embed Pods Frameworks";
			outputFileListPaths = (
				"${PODS_ROOT}/Target Support Files/Pods-MWDPlanner/Pods-MWDPlanner-frameworks-${CONFIGURATION}-output-files.xcfilelist",
			);
			runOnlyForDeploymentPostprocessing = 0;
			shellPath = /bin/sh;
			shellScript = "\"${PODS_ROOT}/Target Support Files/Pods-MWDPlanner/Pods-MWDPlanner-frameworks.sh\"\n";
			showEnvVarsInLog = 0;
		};
		F81E329A5755A9732223E44E /* [CP] Check Pods Manifest.lock */ = {
			isa = PBXShellScriptBuildPhase;
			buildActionMask = 2147483647;
			files = (
			);
			inputFileListPaths = (
			);
			inputPaths = (
				"${PODS_PODFILE_DIR_PATH}/Podfile.lock",
				"${PODS_ROOT}/Manifest.lock",
			);
			name = "[CP] Check Pods Manifest.lock";
			outputFileListPaths = (
			);
			outputPaths = (
				"$(DERIVED_FILE_DIR)/Pods-MWDPlanner-checkManifestLockResult.txt",
			);
			runOnlyForDeploymentPostprocessing = 0;
			shellPath = /bin/sh;
			shellScript = "diff \"${PODS_PODFILE_DIR_PATH}/Podfile.lock\" \"${PODS_ROOT}/Manifest.lock\" > /dev/null\nif [ $? != 0 ] ; then\n    # print error to STDERR\n    echo \"error: The sandbox is not in sync with the Podfile.lock. Run 'pod install' or update your CocoaPods installation.\" >&2\n    exit 1\nfi\n# This output is used by Xcode 'outputs' to avoid re-running this script phase.\necho \"SUCCESS\" > \"${SCRIPT_OUTPUT_FILE_0}\"\n";
			showEnvVarsInLog = 0;
		};
/* End PBXShellScriptBuildPhase section */

/* Begin PBXSourcesBuildPhase section */
		08994E1C2A94F53800964768 /* Sources */ = {
			isa = PBXSourcesBuildPhase;
			buildActionMask = 2147483647;
			files = (
				08994E282A94F53800964768 /* TaskTableView.swift in Sources */,
				08994E522A958D8800964768 /* MainTabBar.swift in Sources */,
				08994E242A94F53800964768 /* AppDelegate.swift in Sources */,
				08994E262A94F53800964768 /* SceneDelegate.swift in Sources */,
				08994E452A94F68200964768 /* MonthlyVIew.swift in Sources */,
				08994E472A94F68B00964768 /* WeeklyView.swift in Sources */,
				08994E5D2A95BE0400964768 /* AddTaskActionSheet.swift in Sources */,
				08994E542A958E7400964768 /* CRUDmodel.swift in Sources */,
				08994E562A959D4E00964768 /* FloatingButtonModel.swift in Sources */,
				08161D712A96EE6100D0DDE7 /* TaskTableViewModel.swift in Sources */,
				08994E3C2A94F61300964768 /* DataSource.swift in Sources */,
				08994E5B2A95BCDD00964768 /* FloatingButton.swift in Sources */,
				08994E402A94F63E00964768 /* DailyView.swift in Sources */,
			);
			runOnlyForDeploymentPostprocessing = 0;
		};
/* End PBXSourcesBuildPhase section */

/* Begin XCBuildConfiguration section */
		08994E322A94F53A00964768 /* Debug */ = {
			isa = XCBuildConfiguration;
			buildSettings = {
				ALWAYS_SEARCH_USER_PATHS = NO;
				CLANG_ANALYZER_NONNULL = YES;
				CLANG_ANALYZER_NUMBER_OBJECT_CONVERSION = YES_AGGRESSIVE;
				CLANG_CXX_LANGUAGE_STANDARD = "gnu++20";
				CLANG_ENABLE_MODULES = YES;
				CLANG_ENABLE_OBJC_ARC = YES;
				CLANG_ENABLE_OBJC_WEAK = YES;
				CLANG_WARN_BLOCK_CAPTURE_AUTORELEASING = YES;
				CLANG_WARN_BOOL_CONVERSION = YES;
				CLANG_WARN_COMMA = YES;
				CLANG_WARN_CONSTANT_CONVERSION = YES;
				CLANG_WARN_DEPRECATED_OBJC_IMPLEMENTATIONS = YES;
				CLANG_WARN_DIRECT_OBJC_ISA_USAGE = YES_ERROR;
				CLANG_WARN_DOCUMENTATION_COMMENTS = YES;
				CLANG_WARN_EMPTY_BODY = YES;
				CLANG_WARN_ENUM_CONVERSION = YES;
				CLANG_WARN_INFINITE_RECURSION = YES;
				CLANG_WARN_INT_CONVERSION = YES;
				CLANG_WARN_NON_LITERAL_NULL_CONVERSION = YES;
				CLANG_WARN_OBJC_IMPLICIT_RETAIN_SELF = YES;
				CLANG_WARN_OBJC_LITERAL_CONVERSION = YES;
				CLANG_WARN_OBJC_ROOT_CLASS = YES_ERROR;
				CLANG_WARN_QUOTED_INCLUDE_IN_FRAMEWORK_HEADER = YES;
				CLANG_WARN_RANGE_LOOP_ANALYSIS = YES;
				CLANG_WARN_STRICT_PROTOTYPES = YES;
				CLANG_WARN_SUSPICIOUS_MOVE = YES;
				CLANG_WARN_UNGUARDED_AVAILABILITY = YES_AGGRESSIVE;
				CLANG_WARN_UNREACHABLE_CODE = YES;
				CLANG_WARN__DUPLICATE_METHOD_MATCH = YES;
				COPY_PHASE_STRIP = NO;
				DEBUG_INFORMATION_FORMAT = dwarf;
				ENABLE_STRICT_OBJC_MSGSEND = YES;
				ENABLE_TESTABILITY = YES;
				GCC_C_LANGUAGE_STANDARD = gnu11;
				GCC_DYNAMIC_NO_PIC = NO;
				GCC_NO_COMMON_BLOCKS = YES;
				GCC_OPTIMIZATION_LEVEL = 0;
				GCC_PREPROCESSOR_DEFINITIONS = (
					"DEBUG=1",
					"$(inherited)",
				);
				GCC_WARN_64_TO_32_BIT_CONVERSION = YES;
				GCC_WARN_ABOUT_RETURN_TYPE = YES_ERROR;
				GCC_WARN_UNDECLARED_SELECTOR = YES;
				GCC_WARN_UNINITIALIZED_AUTOS = YES_AGGRESSIVE;
				GCC_WARN_UNUSED_FUNCTION = YES;
				GCC_WARN_UNUSED_VARIABLE = YES;
				IPHONEOS_DEPLOYMENT_TARGET = 16.4;
				MTL_ENABLE_DEBUG_INFO = INCLUDE_SOURCE;
				MTL_FAST_MATH = YES;
				ONLY_ACTIVE_ARCH = YES;
				SDKROOT = iphoneos;
				SWIFT_ACTIVE_COMPILATION_CONDITIONS = DEBUG;
				SWIFT_OPTIMIZATION_LEVEL = "-Onone";
			};
			name = Debug;
		};
		08994E332A94F53A00964768 /* Release */ = {
			isa = XCBuildConfiguration;
			buildSettings = {
				ALWAYS_SEARCH_USER_PATHS = NO;
				CLANG_ANALYZER_NONNULL = YES;
				CLANG_ANALYZER_NUMBER_OBJECT_CONVERSION = YES_AGGRESSIVE;
				CLANG_CXX_LANGUAGE_STANDARD = "gnu++20";
				CLANG_ENABLE_MODULES = YES;
				CLANG_ENABLE_OBJC_ARC = YES;
				CLANG_ENABLE_OBJC_WEAK = YES;
				CLANG_WARN_BLOCK_CAPTURE_AUTORELEASING = YES;
				CLANG_WARN_BOOL_CONVERSION = YES;
				CLANG_WARN_COMMA = YES;
				CLANG_WARN_CONSTANT_CONVERSION = YES;
				CLANG_WARN_DEPRECATED_OBJC_IMPLEMENTATIONS = YES;
				CLANG_WARN_DIRECT_OBJC_ISA_USAGE = YES_ERROR;
				CLANG_WARN_DOCUMENTATION_COMMENTS = YES;
				CLANG_WARN_EMPTY_BODY = YES;
				CLANG_WARN_ENUM_CONVERSION = YES;
				CLANG_WARN_INFINITE_RECURSION = YES;
				CLANG_WARN_INT_CONVERSION = YES;
				CLANG_WARN_NON_LITERAL_NULL_CONVERSION = YES;
				CLANG_WARN_OBJC_IMPLICIT_RETAIN_SELF = YES;
				CLANG_WARN_OBJC_LITERAL_CONVERSION = YES;
				CLANG_WARN_OBJC_ROOT_CLASS = YES_ERROR;
				CLANG_WARN_QUOTED_INCLUDE_IN_FRAMEWORK_HEADER = YES;
				CLANG_WARN_RANGE_LOOP_ANALYSIS = YES;
				CLANG_WARN_STRICT_PROTOTYPES = YES;
				CLANG_WARN_SUSPICIOUS_MOVE = YES;
				CLANG_WARN_UNGUARDED_AVAILABILITY = YES_AGGRESSIVE;
				CLANG_WARN_UNREACHABLE_CODE = YES;
				CLANG_WARN__DUPLICATE_METHOD_MATCH = YES;
				COPY_PHASE_STRIP = NO;
				DEBUG_INFORMATION_FORMAT = "dwarf-with-dsym";
				ENABLE_NS_ASSERTIONS = NO;
				ENABLE_STRICT_OBJC_MSGSEND = YES;
				GCC_C_LANGUAGE_STANDARD = gnu11;
				GCC_NO_COMMON_BLOCKS = YES;
				GCC_WARN_64_TO_32_BIT_CONVERSION = YES;
				GCC_WARN_ABOUT_RETURN_TYPE = YES_ERROR;
				GCC_WARN_UNDECLARED_SELECTOR = YES;
				GCC_WARN_UNINITIALIZED_AUTOS = YES_AGGRESSIVE;
				GCC_WARN_UNUSED_FUNCTION = YES;
				GCC_WARN_UNUSED_VARIABLE = YES;
				IPHONEOS_DEPLOYMENT_TARGET = 16.4;
				MTL_ENABLE_DEBUG_INFO = NO;
				MTL_FAST_MATH = YES;
				SDKROOT = iphoneos;
				SWIFT_COMPILATION_MODE = wholemodule;
				SWIFT_OPTIMIZATION_LEVEL = "-O";
				VALIDATE_PRODUCT = YES;
			};
			name = Release;
		};
		08994E352A94F53A00964768 /* Debug */ = {
			isa = XCBuildConfiguration;
			baseConfigurationReference = B5DC3EB29FABBBFDB64DE6DB /* Pods-MWDPlanner.debug.xcconfig */;
			buildSettings = {
				ASSETCATALOG_COMPILER_APPICON_NAME = AppIcon;
				ASSETCATALOG_COMPILER_GLOBAL_ACCENT_COLOR_NAME = AccentColor;
				CODE_SIGN_STYLE = Automatic;
				CURRENT_PROJECT_VERSION = 1;
				GENERATE_INFOPLIST_FILE = YES;
				INFOPLIST_FILE = MWDPlanner/Info.plist;
				INFOPLIST_KEY_UIApplicationSupportsIndirectInputEvents = YES;
				INFOPLIST_KEY_UILaunchStoryboardName = LaunchScreen;
				INFOPLIST_KEY_UISupportedInterfaceOrientations_iPad = "UIInterfaceOrientationPortrait UIInterfaceOrientationPortraitUpsideDown UIInterfaceOrientationLandscapeLeft UIInterfaceOrientationLandscapeRight";
				INFOPLIST_KEY_UISupportedInterfaceOrientations_iPhone = "UIInterfaceOrientationPortrait UIInterfaceOrientationLandscapeLeft UIInterfaceOrientationLandscapeRight";
				LD_RUNPATH_SEARCH_PATHS = (
					"$(inherited)",
					"@executable_path/Frameworks",
				);
				MARKETING_VERSION = 1.0;
				PRODUCT_BUNDLE_IDENTIFIER = com.suojae3.MWDPlanner;
				PRODUCT_NAME = "$(TARGET_NAME)";
				SWIFT_EMIT_LOC_STRINGS = YES;
				SWIFT_VERSION = 5.0;
				TARGETED_DEVICE_FAMILY = "1,2";
			};
			name = Debug;
		};
		08994E362A94F53A00964768 /* Release */ = {
			isa = XCBuildConfiguration;
			baseConfigurationReference = 846BDD29F6EA04F10C92D9B4 /* Pods-MWDPlanner.release.xcconfig */;
			buildSettings = {
				ASSETCATALOG_COMPILER_APPICON_NAME = AppIcon;
				ASSETCATALOG_COMPILER_GLOBAL_ACCENT_COLOR_NAME = AccentColor;
				CODE_SIGN_STYLE = Automatic;
				CURRENT_PROJECT_VERSION = 1;
				GENERATE_INFOPLIST_FILE = YES;
				INFOPLIST_FILE = MWDPlanner/Info.plist;
				INFOPLIST_KEY_UIApplicationSupportsIndirectInputEvents = YES;
				INFOPLIST_KEY_UILaunchStoryboardName = LaunchScreen;
				INFOPLIST_KEY_UISupportedInterfaceOrientations_iPad = "UIInterfaceOrientationPortrait UIInterfaceOrientationPortraitUpsideDown UIInterfaceOrientationLandscapeLeft UIInterfaceOrientationLandscapeRight";
				INFOPLIST_KEY_UISupportedInterfaceOrientations_iPhone = "UIInterfaceOrientationPortrait UIInterfaceOrientationLandscapeLeft UIInterfaceOrientationLandscapeRight";
				LD_RUNPATH_SEARCH_PATHS = (
					"$(inherited)",
					"@executable_path/Frameworks",
				);
				MARKETING_VERSION = 1.0;
				PRODUCT_BUNDLE_IDENTIFIER = com.suojae3.MWDPlanner;
				PRODUCT_NAME = "$(TARGET_NAME)";
				SWIFT_EMIT_LOC_STRINGS = YES;
				SWIFT_VERSION = 5.0;
				TARGETED_DEVICE_FAMILY = "1,2";
			};
			name = Release;
		};
/* End XCBuildConfiguration section */

/* Begin XCConfigurationList section */
		08994E1B2A94F53800964768 /* Build configuration list for PBXProject "MWDPlanner" */ = {
			isa = XCConfigurationList;
			buildConfigurations = (
				08994E322A94F53A00964768 /* Debug */,
				08994E332A94F53A00964768 /* Release */,
			);
			defaultConfigurationIsVisible = 0;
			defaultConfigurationName = Release;
		};
		08994E342A94F53A00964768 /* Build configuration list for PBXNativeTarget "MWDPlanner" */ = {
			isa = XCConfigurationList;
			buildConfigurations = (
				08994E352A94F53A00964768 /* Debug */,
				08994E362A94F53A00964768 /* Release */,
			);
			defaultConfigurationIsVisible = 0;
			defaultConfigurationName = Release;
		};
/* End XCConfigurationList section */
	};
	rootObject = 08994E182A94F53800964768 /* Project object */;
}
